
Microsoft Visual Studio Solution File, Format Version 12.00
# Visual Studio Version 16
VisualStudioVersion = 16.0.31613.86
MinimumVisualStudioVersion = 10.0.40219.1
Project("{FAE04EC0-301F-11D3-BF4B-00C04F79EFBC}") = "lab4", "lab4.csproj", "{4A902F91-A700-4918-9FE8-EB5B890717AF}"
EndProject
Global
	GlobalSection(SolutionConfigurationPlatforms) = preSolution
		Debug|Any CPU = Debug|Any CPU
		Release|Any CPU = Release|Any CPU
	EndGlobalSection
	GlobalSection(ProjectConfigurationPlatforms) = postSolution
		{4A902F91-A700-4918-9FE8-EB5B890717AF}.Debug|Any CPU.ActiveCfg = Debug|Any CPU
		{4A902F91-A700-4918-9FE8-EB5B890717AF}.Debug|Any CPU.Build.0 = Debug|Any CPU
		{4A902F91-A700-4918-9FE8-EB5B890717AF}.Release|Any CPU.ActiveCfg = Release|Any CPU
		{4A902F91-A700-4918-9FE8-EB5B890717AF}.Release|Any CPU.Build.0 = Release|Any CPU
	EndGlobalSection
	GlobalSection(SolutionProperties) = preSolution
		HideSolutionNode = FALSE
	EndGlobalSection
	GlobalSection(ExtensibilityGlobals) = postSolution
		SolutionGuid = {BEFE80BF-4C8F-41D1-AABB-A6E88CCFA6E8}
	EndGlobalSection
EndGlobal
